
Microsoft Visual Studio Solution File, Format Version 12.00
# Visual Studio Version 17
VisualStudioVersion = 17.5.002.0
MinimumVisualStudioVersion = 10.0.40219.1
Project("{2150E333-8FDC-42A3-9474-1A3956D46DE8}") = "BPRD-04-OKRE-PEKP", "BPRD-04-OKRE-PEKP", "{D8B3E29C-D680-424B-95B2-B6442C557F39}"
EndProject
Project("{9A19103F-16F7-4668-BE54-9A1E7A4F7556}") = "sexpr", "BPRD-04-OKRE-PEKP\SExpr\sexpr.csproj", "{3D547F6A-48D6-45BB-A129-645628605E05}"
EndProject
Global
	GlobalSection(SolutionConfigurationPlatforms) = preSolution
		Debug|Any CPU = Debug|Any CPU
		Release|Any CPU = Release|Any CPU
	EndGlobalSection
	GlobalSection(ProjectConfigurationPlatforms) = postSolution
		{3D547F6A-48D6-45BB-A129-645628605E05}.Debug|Any CPU.ActiveCfg = Debug|Any CPU
		{3D547F6A-48D6-45BB-A129-645628605E05}.Debug|Any CPU.Build.0 = Debug|Any CPU
		{3D547F6A-48D6-45BB-A129-645628605E05}.Release|Any CPU.ActiveCfg = Release|Any CPU
		{3D547F6A-48D6-45BB-A129-645628605E05}.Release|Any CPU.Build.0 = Release|Any CPU
	EndGlobalSection
	GlobalSection(SolutionProperties) = preSolution
		HideSolutionNode = FALSE
	EndGlobalSection
	GlobalSection(NestedProjects) = preSolution
		{3D547F6A-48D6-45BB-A129-645628605E05} = {D8B3E29C-D680-424B-95B2-B6442C557F39}
	EndGlobalSection
	GlobalSection(ExtensibilityGlobals) = postSolution
		SolutionGuid = {7557EA37-D824-45E3-8168-45D19A6F7981}
	EndGlobalSection
EndGlobal
